
Microsoft Visual Studio Solution File, Format Version 12.00
# Visual Studio Version 17
VisualStudioVersion = 17.5.001.0
MinimumVisualStudioVersion = 10.0.40219.1
Project("{9A19103F-16F7-4668-BE54-9A1E7A4F7556}") = "Atividade", "Atividade.csproj", "{C918CFB0-D3DF-483F-8A45-785FA4B37F88}"
EndProject
Global
	GlobalSection(SolutionConfigurationPlatforms) = preSolution
		Debug|Any CPU = Debug|Any CPU
		Release|Any CPU = Release|Any CPU
	EndGlobalSection
	GlobalSection(ProjectConfigurationPlatforms) = postSolution
		{C918CFB0-D3DF-483F-8A45-785FA4B37F88}.Debug|Any CPU.ActiveCfg = Debug|Any CPU
		{C918CFB0-D3DF-483F-8A45-785FA4B37F88}.Debug|Any CPU.Build.0 = Debug|Any CPU
		{C918CFB0-D3DF-483F-8A45-785FA4B37F88}.Release|Any CPU.ActiveCfg = Release|Any CPU
		{C918CFB0-D3DF-483F-8A45-785FA4B37F88}.Release|Any CPU.Build.0 = Release|Any CPU
	EndGlobalSection
	GlobalSection(SolutionProperties) = preSolution
		HideSolutionNode = FALSE
	EndGlobalSection
	GlobalSection(ExtensibilityGlobals) = postSolution
		SolutionGuid = {3DA47FA4-120D-4511-9DF0-56AD303081B3}
	EndGlobalSection
EndGlobal
